
Microsoft Visual Studio Solution File, Format Version 12.00
Project("{FAE04EC0-301F-11D3-BF4B-00C04F79EFBC}") = "MultiplesOfNumbers", "MultiplesOfNumbers\MultiplesOfNumbers.csproj", "{9A605CAC-A2C1-47BF-BD12-879E862449CD}"
EndProject
Global
	GlobalSection(SolutionConfigurationPlatforms) = preSolution
		Debug|Any CPU = Debug|Any CPU
		Release|Any CPU = Release|Any CPU
	EndGlobalSection
	GlobalSection(ProjectConfigurationPlatforms) = postSolution
		{9A605CAC-A2C1-47BF-BD12-879E862449CD}.Debug|Any CPU.ActiveCfg = Debug|Any CPU
		{9A605CAC-A2C1-47BF-BD12-879E862449CD}.Debug|Any CPU.Build.0 = Debug|Any CPU
		{9A605CAC-A2C1-47BF-BD12-879E862449CD}.Release|Any CPU.ActiveCfg = Release|Any CPU
		{9A605CAC-A2C1-47BF-BD12-879E862449CD}.Release|Any CPU.Build.0 = Release|Any CPU
	EndGlobalSection
EndGlobal
